# THIS IS AN AUTOGENERATED FILE. DO NOT EDIT THIS FILE DIRECTLY.
# yarn lockfile v1


react-app-rewired@^2.1.5:
  version "2.1.5"
  resolved "https://registry.yarnpkg.com/react-app-rewired/-/react-app-rewired-2.1.5.tgz#592ec2eae5c3c5cd96c80930b5dc3f6c34da1dc6"
  integrity sha512-Gr8KfCeL9/PTQs8Vvxc7v8wQ9vCFMnYPhcAkrMlzkLiMFXS+BgSwm11MoERjZm7dpA2WjTi+Pvbu/w7rujAV+A==
  dependencies:
    semver "^5.6.0"

semver@^5.6.0:
  version "5.7.1"
  resolved "https://registry.yarnpkg.com/semver/-/semver-5.7.1.tgz#a954f931aeba508d307bbf069eff0c01c96116f7"
  integrity sha512-sauaDf/PZdVgrLTNYHRtpXa1iRiKcaebiKQ1BJdpQlWH2lCvexQdX55snPFyK7QzpudqbCI0qXFfOasHdyNDGQ==
